<?xml version="1.0" encoding="utf-8"?>
<Project ToolsVersion="4.0" xmlns="http://schemas.microsoft.com/developer/msbuild/2003">
  <ItemGroup>
    <Filter Include="Main">
      <UniqueIdentifier>{638dc677-7177-4927-a2fd-c66f60350ab5}</UniqueIdentifier>
    </Filter>
    <Filter Include="Hooks">
      <UniqueIdentifier>{187e23aa-bfd0-4ac1-bfb1-2fb2f07adba3}</UniqueIdentifier>
    </Filter>
    <Filter Include="ImGui">
      <UniqueIdentifier>{a5a8a506-23ef-4497-87e0-7e63e365c2c0}</UniqueIdentifier>
    </Filter>
  </ItemGroup>
  <ItemGroup>
    <ClCompile Include="EntryPoint.cpp">
      <Filter>Main</Filter>
    </ClCompile>
    <ClCompile Include="Procedures.cpp">
      <Filter>Main</Filter>
    </ClCompile>
    <ClCompile Include="Hooks\CBaseHook.cpp">
      <Filter>Hooks</Filter>
    </ClCompile>
    <ClCompile Include="ImGui\ImGui.cpp">
      <Filter>ImGui</Filter>
    </ClCompile>
    <ClCompile Include="ImGui\ImGui_Draw.cpp">
      <Filter>ImGui</Filter>
    </ClCompile>
    <ClCompile Include="ImGui\ImGui_ImplDX9.cpp">
      <Filter>ImGui</Filter>
    </ClCompile>
    <ClCompile Include="ImGui\ImGui_ImplWin32.cpp">
      <Filter>ImGui</Filter>
    </ClCompile>
    <ClCompile Include="ImGui\ImGui_Widgets.cpp">
      <Filter>ImGui</Filter>
    </ClCompile>
  </ItemGroup>
  <ItemGroup>
    <ClInclude Include="Main.h">
      <Filter>Main</Filter>
    </ClInclude>
    <ClInclude Include="Hooks\CBaseHook.h">
      <Filter>Hooks</Filter>
    </ClInclude>
    <ClInclude Include="Procedures.h">
      <Filter>Main</Filter>
    </ClInclude>
    <ClInclude Include="ImGui\ImGui.h">
      <Filter>ImGui</Filter>
    </ClInclude>
    <ClInclude Include="ImGui\ImGui_ImplDX9.h">
      <Filter>ImGui</Filter>
    </ClInclude>
    <ClInclude Include="ImGui\ImGui_ImplWin32.h">
      <Filter>ImGui</Filter>
    </ClInclude>
    <ClInclude Include="ImGui\ImGui_Internal.h">
      <Filter>ImGui</Filter>
    </ClInclude>
    <ClInclude Include="ImGui\ImSTB_RectPack.h">
      <Filter>ImGui</Filter>
    </ClInclude>
    <ClInclude Include="ImGui\ImSTB_TextEdit.h">
      <Filter>ImGui</Filter>
    </ClInclude>
    <ClInclude Include="ImGui\ImSTB_TrueType.h">
      <Filter>ImGui</Filter>
    </ClInclude>
  </ItemGroup>
</Project>